
Microsoft Visual Studio Solution File, Format Version 12.00
# Visual Studio Version 17
VisualStudioVersion = 17.0.31903.59
MinimumVisualStudioVersion = 10.0.40219.1
Project("{2150E333-8FDC-42A3-9474-1A3956D46DE8}") = "Adapter", "Adapter", "{3F2805F1-A67F-421C-BFB8-CC9C329A9CA9}"
EndProject
Project("{2150E333-8FDC-42A3-9474-1A3956D46DE8}") = "In", "In", "{BE76C45A-3C50-462F-9E10-26DCB07F8180}"
EndProject
Project("{2150E333-8FDC-42A3-9474-1A3956D46DE8}") = "APIs", "APIs", "{7552B86F-BDE4-4260-80E6-EF487EDF66AD}"
EndProject
Project("{FAE04EC0-301F-11D3-BF4B-00C04F79EFBC}") = "Adapter.In.GraphQL", "Adapter\In\APIs\GraphQL\Adapter.In.GraphQL.csproj", "{AC74948E-82EF-4046-AADC-031795A2611C}"
EndProject
Project("{FAE04EC0-301F-11D3-BF4B-00C04F79EFBC}") = "Adapter.In.RestfulAPI", "Adapter\In\APIs\RestfulAPI\Adapter.In.RestfulAPI.csproj", "{E621E764-D40F-4C9D-9A0D-0B9AD80353DD}"
EndProject
Project("{FAE04EC0-301F-11D3-BF4B-00C04F79EFBC}") = "Adapter.In.CLI", "Adapter\In\CLI\Adapter.In.CLI.csproj", "{AEADBCC0-4C36-4623-996F-344E45A32EDE}"
EndProject
Project("{2150E333-8FDC-42A3-9474-1A3956D46DE8}") = "Out", "Out", "{637BBCE4-C98B-4C86-AE03-00AFD57FAE64}"
EndProject
Project("{2150E333-8FDC-42A3-9474-1A3956D46DE8}") = "Databases", "Databases", "{6C3435FC-A797-438F-BA1A-56A4907ED5A6}"
EndProject
Project("{FAE04EC0-301F-11D3-BF4B-00C04F79EFBC}") = "Adapter.Out.Postgres", "Adapter\Out\Databases\Postgres\Adapter.Out.Postgres.csproj", "{EAFE2BE2-7308-46FD-ACCD-B66730F70129}"
EndProject
Project("{FAE04EC0-301F-11D3-BF4B-00C04F79EFBC}") = "Adapter.Out.Redis", "Adapter\Out\Databases\Redis\Adapter.Out.Redis.csproj", "{34A6BE28-4098-442C-ABAE-8B8CADCEFA99}"
EndProject
Project("{FAE04EC0-301F-11D3-BF4B-00C04F79EFBC}") = "Adapter.Out.ThirdPartyLibs", "Adapter\Out\ThirdPartyLibs\Adapter.Out.ThirdPartyLibs.csproj", "{FB84A41C-595F-409E-9444-59E952E7F912}"
EndProject
Project("{2150E333-8FDC-42A3-9474-1A3956D46DE8}") = "Application", "Application", "{4A8B39B1-A439-4509-9F3D-981316E6BDC0}"
EndProject
Project("{2150E333-8FDC-42A3-9474-1A3956D46DE8}") = "Domain", "Domain", "{E9D99C90-E113-442F-AC3E-CAB0EFB9958B}"
EndProject
Project("{FAE04EC0-301F-11D3-BF4B-00C04F79EFBC}") = "Domain.Core", "Application\Domain\Domain.Core\Domain.Core.csproj", "{CC5476EC-47F2-49A9-91F8-93FA4DEA175B}"
EndProject
Project("{FAE04EC0-301F-11D3-BF4B-00C04F79EFBC}") = "Domain.Services.Tests", "Application\Domain\Domain.Services.Tests\Domain.Services.Tests.csproj", "{29D66296-090E-48BD-9BD0-7A2135604930}"
EndProject
Project("{FAE04EC0-301F-11D3-BF4B-00C04F79EFBC}") = "Domain.Services", "Application\Domain\Domain.Services\Domain.Services.csproj", "{9429885E-5BB6-4132-BBB8-973043996875}"
EndProject
Project("{2150E333-8FDC-42A3-9474-1A3956D46DE8}") = "Ports", "Ports", "{EC373CA5-9AA3-4CB3-8521-B83F5C43F79E}"
EndProject
Project("{FAE04EC0-301F-11D3-BF4B-00C04F79EFBC}") = "Ports.In", "Application\Ports\Ports.In\Ports.In.csproj", "{F2748DCC-8D22-4508-AD14-9D64E8E2DCF6}"
EndProject
Project("{FAE04EC0-301F-11D3-BF4B-00C04F79EFBC}") = "Ports.Out", "Application\Ports\Ports.Out\Ports.Out.csproj", "{E1F4C6AD-C958-49E0-B8AF-BC0D2F5B1D06}"
EndProject
Project("{FAE04EC0-301F-11D3-BF4B-00C04F79EFBC}") = "Src", "Src\Src.csproj", "{524530A3-498C-493B-937F-BE84172AEB35}"
EndProject
Global
	GlobalSection(SolutionConfigurationPlatforms) = preSolution
		Debug|Any CPU = Debug|Any CPU
		Release|Any CPU = Release|Any CPU
	EndGlobalSection
	GlobalSection(SolutionProperties) = preSolution
		HideSolutionNode = FALSE
	EndGlobalSection
	GlobalSection(ProjectConfigurationPlatforms) = postSolution
		{AC74948E-82EF-4046-AADC-031795A2611C}.Debug|Any CPU.ActiveCfg = Debug|Any CPU
		{AC74948E-82EF-4046-AADC-031795A2611C}.Debug|Any CPU.Build.0 = Debug|Any CPU
		{AC74948E-82EF-4046-AADC-031795A2611C}.Release|Any CPU.ActiveCfg = Release|Any CPU
		{AC74948E-82EF-4046-AADC-031795A2611C}.Release|Any CPU.Build.0 = Release|Any CPU
		{E621E764-D40F-4C9D-9A0D-0B9AD80353DD}.Debug|Any CPU.ActiveCfg = Debug|Any CPU
		{E621E764-D40F-4C9D-9A0D-0B9AD80353DD}.Debug|Any CPU.Build.0 = Debug|Any CPU
		{E621E764-D40F-4C9D-9A0D-0B9AD80353DD}.Release|Any CPU.ActiveCfg = Release|Any CPU
		{E621E764-D40F-4C9D-9A0D-0B9AD80353DD}.Release|Any CPU.Build.0 = Release|Any CPU
		{AEADBCC0-4C36-4623-996F-344E45A32EDE}.Debug|Any CPU.ActiveCfg = Debug|Any CPU
		{AEADBCC0-4C36-4623-996F-344E45A32EDE}.Debug|Any CPU.Build.0 = Debug|Any CPU
		{AEADBCC0-4C36-4623-996F-344E45A32EDE}.Release|Any CPU.ActiveCfg = Release|Any CPU
		{AEADBCC0-4C36-4623-996F-344E45A32EDE}.Release|Any CPU.Build.0 = Release|Any CPU
		{EAFE2BE2-7308-46FD-ACCD-B66730F70129}.Debug|Any CPU.ActiveCfg = Debug|Any CPU
		{EAFE2BE2-7308-46FD-ACCD-B66730F70129}.Debug|Any CPU.Build.0 = Debug|Any CPU
		{EAFE2BE2-7308-46FD-ACCD-B66730F70129}.Release|Any CPU.ActiveCfg = Release|Any CPU
		{EAFE2BE2-7308-46FD-ACCD-B66730F70129}.Release|Any CPU.Build.0 = Release|Any CPU
		{34A6BE28-4098-442C-ABAE-8B8CADCEFA99}.Debug|Any CPU.ActiveCfg = Debug|Any CPU
		{34A6BE28-4098-442C-ABAE-8B8CADCEFA99}.Debug|Any CPU.Build.0 = Debug|Any CPU
		{34A6BE28-4098-442C-ABAE-8B8CADCEFA99}.Release|Any CPU.ActiveCfg = Release|Any CPU
		{34A6BE28-4098-442C-ABAE-8B8CADCEFA99}.Release|Any CPU.Build.0 = Release|Any CPU
		{FB84A41C-595F-409E-9444-59E952E7F912}.Debug|Any CPU.ActiveCfg = Debug|Any CPU
		{FB84A41C-595F-409E-9444-59E952E7F912}.Debug|Any CPU.Build.0 = Debug|Any CPU
		{FB84A41C-595F-409E-9444-59E952E7F912}.Release|Any CPU.ActiveCfg = Release|Any CPU
		{FB84A41C-595F-409E-9444-59E952E7F912}.Release|Any CPU.Build.0 = Release|Any CPU
		{CC5476EC-47F2-49A9-91F8-93FA4DEA175B}.Debug|Any CPU.ActiveCfg = Debug|Any CPU
		{CC5476EC-47F2-49A9-91F8-93FA4DEA175B}.Debug|Any CPU.Build.0 = Debug|Any CPU
		{CC5476EC-47F2-49A9-91F8-93FA4DEA175B}.Release|Any CPU.ActiveCfg = Release|Any CPU
		{CC5476EC-47F2-49A9-91F8-93FA4DEA175B}.Release|Any CPU.Build.0 = Release|Any CPU
		{29D66296-090E-48BD-9BD0-7A2135604930}.Debug|Any CPU.ActiveCfg = Debug|Any CPU
		{29D66296-090E-48BD-9BD0-7A2135604930}.Debug|Any CPU.Build.0 = Debug|Any CPU
		{29D66296-090E-48BD-9BD0-7A2135604930}.Release|Any CPU.ActiveCfg = Release|Any CPU
		{29D66296-090E-48BD-9BD0-7A2135604930}.Release|Any CPU.Build.0 = Release|Any CPU
		{9429885E-5BB6-4132-BBB8-973043996875}.Debug|Any CPU.ActiveCfg = Debug|Any CPU
		{9429885E-5BB6-4132-BBB8-973043996875}.Debug|Any CPU.Build.0 = Debug|Any CPU
		{9429885E-5BB6-4132-BBB8-973043996875}.Release|Any CPU.ActiveCfg = Release|Any CPU
		{9429885E-5BB6-4132-BBB8-973043996875}.Release|Any CPU.Build.0 = Release|Any CPU
		{F2748DCC-8D22-4508-AD14-9D64E8E2DCF6}.Debug|Any CPU.ActiveCfg = Debug|Any CPU
		{F2748DCC-8D22-4508-AD14-9D64E8E2DCF6}.Debug|Any CPU.Build.0 = Debug|Any CPU
		{F2748DCC-8D22-4508-AD14-9D64E8E2DCF6}.Release|Any CPU.ActiveCfg = Release|Any CPU
		{F2748DCC-8D22-4508-AD14-9D64E8E2DCF6}.Release|Any CPU.Build.0 = Release|Any CPU
		{E1F4C6AD-C958-49E0-B8AF-BC0D2F5B1D06}.Debug|Any CPU.ActiveCfg = Debug|Any CPU
		{E1F4C6AD-C958-49E0-B8AF-BC0D2F5B1D06}.Debug|Any CPU.Build.0 = Debug|Any CPU
		{E1F4C6AD-C958-49E0-B8AF-BC0D2F5B1D06}.Release|Any CPU.ActiveCfg = Release|Any CPU
		{E1F4C6AD-C958-49E0-B8AF-BC0D2F5B1D06}.Release|Any CPU.Build.0 = Release|Any CPU
		{524530A3-498C-493B-937F-BE84172AEB35}.Debug|Any CPU.ActiveCfg = Debug|Any CPU
		{524530A3-498C-493B-937F-BE84172AEB35}.Debug|Any CPU.Build.0 = Debug|Any CPU
		{524530A3-498C-493B-937F-BE84172AEB35}.Release|Any CPU.ActiveCfg = Release|Any CPU
		{524530A3-498C-493B-937F-BE84172AEB35}.Release|Any CPU.Build.0 = Release|Any CPU
	EndGlobalSection
	GlobalSection(NestedProjects) = preSolution
		{BE76C45A-3C50-462F-9E10-26DCB07F8180} = {3F2805F1-A67F-421C-BFB8-CC9C329A9CA9}
		{7552B86F-BDE4-4260-80E6-EF487EDF66AD} = {BE76C45A-3C50-462F-9E10-26DCB07F8180}
		{AC74948E-82EF-4046-AADC-031795A2611C} = {7552B86F-BDE4-4260-80E6-EF487EDF66AD}
		{E621E764-D40F-4C9D-9A0D-0B9AD80353DD} = {7552B86F-BDE4-4260-80E6-EF487EDF66AD}
		{AEADBCC0-4C36-4623-996F-344E45A32EDE} = {BE76C45A-3C50-462F-9E10-26DCB07F8180}
		{637BBCE4-C98B-4C86-AE03-00AFD57FAE64} = {3F2805F1-A67F-421C-BFB8-CC9C329A9CA9}
		{6C3435FC-A797-438F-BA1A-56A4907ED5A6} = {637BBCE4-C98B-4C86-AE03-00AFD57FAE64}
		{EAFE2BE2-7308-46FD-ACCD-B66730F70129} = {6C3435FC-A797-438F-BA1A-56A4907ED5A6}
		{34A6BE28-4098-442C-ABAE-8B8CADCEFA99} = {6C3435FC-A797-438F-BA1A-56A4907ED5A6}
		{FB84A41C-595F-409E-9444-59E952E7F912} = {637BBCE4-C98B-4C86-AE03-00AFD57FAE64}
		{E9D99C90-E113-442F-AC3E-CAB0EFB9958B} = {4A8B39B1-A439-4509-9F3D-981316E6BDC0}
		{CC5476EC-47F2-49A9-91F8-93FA4DEA175B} = {E9D99C90-E113-442F-AC3E-CAB0EFB9958B}
		{29D66296-090E-48BD-9BD0-7A2135604930} = {E9D99C90-E113-442F-AC3E-CAB0EFB9958B}
		{9429885E-5BB6-4132-BBB8-973043996875} = {E9D99C90-E113-442F-AC3E-CAB0EFB9958B}
		{EC373CA5-9AA3-4CB3-8521-B83F5C43F79E} = {4A8B39B1-A439-4509-9F3D-981316E6BDC0}
		{F2748DCC-8D22-4508-AD14-9D64E8E2DCF6} = {EC373CA5-9AA3-4CB3-8521-B83F5C43F79E}
		{E1F4C6AD-C958-49E0-B8AF-BC0D2F5B1D06} = {EC373CA5-9AA3-4CB3-8521-B83F5C43F79E}
	EndGlobalSection
EndGlobal
